# THIS IS AN AUTOGENERATED FILE. DO NOT EDIT THIS FILE DIRECTLY.
# yarn lockfile v1


bluebird@^3.5.0:
  version "3.5.4"
  resolved "https://registry.yarnpkg.com/bluebird/-/bluebird-3.5.4.tgz#d6cc661595de30d5b3af5fcedd3c0b3ef6ec5714"
  integrity sha512-FG+nFEZChJrbQ9tIccIfZJBz3J7mLrAhxakAbnrJWn8d7aKOC+LWifa0G+p4ZqKp4y13T7juYvdhq9NzKdsrjw==

python-bridge@^1.1.0:
  version "1.1.0"
  resolved "https://registry.yarnpkg.com/python-bridge/-/python-bridge-1.1.0.tgz#ec7d6a5540af62ed322cb040c6e259421be74a5a"
  integrity sha512-qjQ0QB8p9cn/XDeILQH0aP307hV58lrmv0Opjyub68Um7FHdF+ZXlTqyxNkKaXOFk2QSkScoPWwn7U9GGnrkeQ==
  dependencies:
    bluebird "^3.5.0"
